
Microsoft Visual Studio Solution File, Format Version 12.00
# Visual Studio Version 16
VisualStudioVersion = 16.0.30804.86
MinimumVisualStudioVersion = 10.0.40219.1
Project("{9A19103F-16F7-4668-BE54-9A1E7A4F7556}") = "EmployeeManagement.Models", "EmployeeManagement.Models\EmployeeManagement.Models.csproj", "{EE201B98-16FC-4182-A964-3A1C6723D496}"
EndProject
Project("{9A19103F-16F7-4668-BE54-9A1E7A4F7556}") = "EmployeeManagement.Web", "EmployeeManagement.Web\EmployeeManagement.Web.csproj", "{18A60DE2-EB22-4910-A7DE-5C985180424B}"
EndProject
Project("{9A19103F-16F7-4668-BE54-9A1E7A4F7556}") = "EmployeeManagement.Api", "EmployeeManagement.Api\EmployeeManagement.Api.csproj", "{E67A89D4-0ED6-4566-B4FD-6F15EBD36C9A}"
EndProject
Project("{FAE04EC0-301F-11D3-BF4B-00C04F79EFBC}") = "SSS.Components", "SSS.Components\SSS.Components.csproj", "{10F8F00D-2141-4868-A0F9-06EE424BFD9B}"
EndProject
Global
	GlobalSection(SolutionConfigurationPlatforms) = preSolution
		Debug|Any CPU = Debug|Any CPU
		Release|Any CPU = Release|Any CPU
	EndGlobalSection
	GlobalSection(ProjectConfigurationPlatforms) = postSolution
		{EE201B98-16FC-4182-A964-3A1C6723D496}.Debug|Any CPU.ActiveCfg = Debug|Any CPU
		{EE201B98-16FC-4182-A964-3A1C6723D496}.Debug|Any CPU.Build.0 = Debug|Any CPU
		{EE201B98-16FC-4182-A964-3A1C6723D496}.Release|Any CPU.ActiveCfg = Release|Any CPU
		{EE201B98-16FC-4182-A964-3A1C6723D496}.Release|Any CPU.Build.0 = Release|Any CPU
		{18A60DE2-EB22-4910-A7DE-5C985180424B}.Debug|Any CPU.ActiveCfg = Debug|Any CPU
		{18A60DE2-EB22-4910-A7DE-5C985180424B}.Debug|Any CPU.Build.0 = Debug|Any CPU
		{18A60DE2-EB22-4910-A7DE-5C985180424B}.Release|Any CPU.ActiveCfg = Release|Any CPU
		{18A60DE2-EB22-4910-A7DE-5C985180424B}.Release|Any CPU.Build.0 = Release|Any CPU
		{E67A89D4-0ED6-4566-B4FD-6F15EBD36C9A}.Debug|Any CPU.ActiveCfg = Debug|Any CPU
		{E67A89D4-0ED6-4566-B4FD-6F15EBD36C9A}.Debug|Any CPU.Build.0 = Debug|Any CPU
		{E67A89D4-0ED6-4566-B4FD-6F15EBD36C9A}.Release|Any CPU.ActiveCfg = Release|Any CPU
		{E67A89D4-0ED6-4566-B4FD-6F15EBD36C9A}.Release|Any CPU.Build.0 = Release|Any CPU
		{10F8F00D-2141-4868-A0F9-06EE424BFD9B}.Debug|Any CPU.ActiveCfg = Debug|Any CPU
		{10F8F00D-2141-4868-A0F9-06EE424BFD9B}.Debug|Any CPU.Build.0 = Debug|Any CPU
		{10F8F00D-2141-4868-A0F9-06EE424BFD9B}.Release|Any CPU.ActiveCfg = Release|Any CPU
		{10F8F00D-2141-4868-A0F9-06EE424BFD9B}.Release|Any CPU.Build.0 = Release|Any CPU
	EndGlobalSection
	GlobalSection(SolutionProperties) = preSolution
		HideSolutionNode = FALSE
	EndGlobalSection
	GlobalSection(ExtensibilityGlobals) = postSolution
		SolutionGuid = {10CB5026-4B98-4A6C-ACA8-5783E69D2527}
	EndGlobalSection
EndGlobal
